# THIS IS AN AUTOGENERATED FILE. DO NOT EDIT THIS FILE DIRECTLY.
# yarn lockfile v1


"@metamask/object-multiplex@^1.1.0":
  version "1.2.0"
  resolved "https://registry.yarnpkg.com/@metamask/object-multiplex/-/object-multiplex-1.2.0.tgz#38fc15c142f61939391e1b9a8eed679696c7e4f4"
  integrity sha512-hksV602d3NWE2Q30Mf2Np1WfVKaGqfJRy9vpHAmelbaD0OkDt06/0KQkRR6UVYdMbTbkuEu8xN5JDUU80inGwQ==
  dependencies:
    end-of-stream "^1.4.4"
    once "^1.4.0"
    readable-stream "^2.3.3"

"@metamask/providers@^10.0.0":
  version "10.0.0"
  resolved "https://registry.yarnpkg.com/@metamask/providers/-/providers-10.0.0.tgz#8858f3a0d991fe3462cd056a52a74f3ffabc9373"
  integrity sha512-GAaXm8+dIN66KfD4EUETyxxmUMDTnpoOsgtoWIS8kI8PdVL1wNazMK2HD03n4b66r0c2SaFdQLxvjeSpu5TyWA==
  dependencies:
    "@metamask/object-multiplex" "^1.1.0"
    "@metamask/safe-event-emitter" "^2.0.0"
    "@types/chrome" "^0.0.136"
    detect-browser "^5.2.0"
    eth-rpc-errors "^4.0.2"
    extension-port-stream "^2.0.1"
    fast-deep-equal "^2.0.1"
    is-stream "^2.0.0"
    json-rpc-engine "^6.1.0"
    json-rpc-middleware-stream "^4.0.0"
    pump "^3.0.0"
    webextension-polyfill-ts "^0.25.0"

"@metamask/safe-event-emitter@^2.0.0":
  version "2.0.0"
  resolved "https://registry.yarnpkg.com/@metamask/safe-event-emitter/-/safe-event-emitter-2.0.0.tgz#af577b477c683fad17c619a78208cede06f9605c"
  integrity sha512-/kSXhY692qiV1MXu6EeOZvg5nECLclxNXcKCxJ3cXQgYuRymRHpdx/t7JXfsK+JLjwA1e1c1/SBrlQYpusC29Q==

"@types/chrome@^0.0.136":
  version "0.0.136"
  resolved "https://registry.yarnpkg.com/@types/chrome/-/chrome-0.0.136.tgz#7c011b9f997b0156f25a140188a0c5689d3f368f"
  integrity sha512-XDEiRhLkMd+SB7Iw3ZUIj/fov3wLd4HyTdLltVszkgl1dBfc3Rb7oPMVZ2Mz2TLqnF7Ow+StbR8E7r9lqpb4DA==
  dependencies:
    "@types/filesystem" "*"
    "@types/har-format" "*"

"@types/filesystem@*":
  version "0.0.32"
  resolved "https://registry.yarnpkg.com/@types/filesystem/-/filesystem-0.0.32.tgz#307df7cc084a2293c3c1a31151b178063e0a8edf"
  integrity sha512-Yuf4jR5YYMR2DVgwuCiP11s0xuVRyPKmz8vo6HBY3CGdeMj8af93CFZX+T82+VD1+UqHOxTq31lO7MI7lepBtQ==
  dependencies:
    "@types/filewriter" "*"

"@types/filewriter@*":
  version "0.0.29"
  resolved "https://registry.yarnpkg.com/@types/filewriter/-/filewriter-0.0.29.tgz#a48795ecadf957f6c0d10e0c34af86c098fa5bee"
  integrity sha512-BsPXH/irW0ht0Ji6iw/jJaK8Lj3FJemon2gvEqHKpCdDCeemHa+rI3WBGq5z7cDMZgoLjY40oninGxqk+8NzNQ==

"@types/har-format@*":
  version "1.2.9"
  resolved "https://registry.yarnpkg.com/@types/har-format/-/har-format-1.2.9.tgz#b9b3a9bfc33a078e7d898a00b09662910577f4a4"
  integrity sha512-rffW6MhQ9yoa75bdNi+rjZBAvu2HhehWJXlhuWXnWdENeuKe82wUgAwxYOb7KRKKmxYN+D/iRKd2NDQMLqlUmg==

core-util-is@~1.0.0:
  version "1.0.3"
  resolved "https://registry.yarnpkg.com/core-util-is/-/core-util-is-1.0.3.tgz#a6042d3634c2b27e9328f837b965fac83808db85"
  integrity sha512-ZQBvi1DcpJ4GDqanjucZ2Hj3wEO5pZDS89BWbkcrvdxksJorwUDDZamX9ldFkp9aw2lmBDLgkObEA4DWNJ9FYQ==

detect-browser@^5.2.0:
  version "5.3.0"
  resolved "https://registry.yarnpkg.com/detect-browser/-/detect-browser-5.3.0.tgz#9705ef2bddf46072d0f7265a1fe300e36fe7ceca"
  integrity sha512-53rsFbGdwMwlF7qvCt0ypLM5V5/Mbl0szB7GPN8y9NCcbknYOeVVXdrXEq+90IwAfrrzt6Hd+u2E2ntakICU8w==

end-of-stream@^1.1.0, end-of-stream@^1.4.4:
  version "1.4.4"
  resolved "https://registry.yarnpkg.com/end-of-stream/-/end-of-stream-1.4.4.tgz#5ae64a5f45057baf3626ec14da0ca5e4b2431eb0"
  integrity sha512-+uw1inIHVPQoaVuHzRyXd21icM+cnt4CzD5rW+NC1wjOUSTOs+Te7FOv7AhN7vS9x/oIyhLP5PR1H+phQAHu5Q==
  dependencies:
    once "^1.4.0"

eth-rpc-errors@^4.0.2:
  version "4.0.3"
  resolved "https://registry.yarnpkg.com/eth-rpc-errors/-/eth-rpc-errors-4.0.3.tgz#6ddb6190a4bf360afda82790bb7d9d5e724f423a"
  integrity sha512-Z3ymjopaoft7JDoxZcEb3pwdGh7yiYMhOwm2doUt6ASXlMavpNlK6Cre0+IMl2VSGyEU9rkiperQhp5iRxn5Pg==
  dependencies:
    fast-safe-stringify "^2.0.6"

extension-port-stream@^2.0.1:
  version "2.0.1"
  resolved "https://registry.yarnpkg.com/extension-port-stream/-/extension-port-stream-2.0.1.tgz#d374820c581418c2275d3c4439ade0b82c4cfac6"
  integrity sha512-ltrv4Dh/979I04+D4Te6TFygfRSOc5EBzzlHRldWMS8v73V80qWluxH88hqF0qyUsBXTb8NmzlmSipcre6a+rg==
  dependencies:
    webextension-polyfill-ts "^0.22.0"

fast-deep-equal@^2.0.1:
  version "2.0.1"
  resolved "https://registry.yarnpkg.com/fast-deep-equal/-/fast-deep-equal-2.0.1.tgz#7b05218ddf9667bf7f370bf7fdb2cb15fdd0aa49"
  integrity sha512-bCK/2Z4zLidyB4ReuIsvALH6w31YfAQDmXMqMx6FyfHqvBxtjC0eRumeSu4Bs3XtXwpyIywtSTrVT99BxY1f9w==

fast-safe-stringify@^2.0.6:
  version "2.1.1"
  resolved "https://registry.yarnpkg.com/fast-safe-stringify/-/fast-safe-stringify-2.1.1.tgz#c406a83b6e70d9e35ce3b30a81141df30aeba884"
  integrity sha512-W+KJc2dmILlPplD/H4K9l9LcAHAfPtP6BY84uVLXQ6Evcz9Lcg33Y2z1IVblT6xdY54PXYVHEv+0Wpq8Io6zkA==

inherits@~2.0.3:
  version "2.0.4"
  resolved "https://registry.yarnpkg.com/inherits/-/inherits-2.0.4.tgz#0fa2c64f932917c3433a0ded55363aae37416b7c"
  integrity sha512-k/vGaX4/Yla3WzyMCvTQOXYeIHvqOKtnqBduzTHpzpQZzAskKMhZ2K+EnBiSM9zGSoIFeMpXKxa4dYeZIQqewQ==

is-stream@^2.0.0:
  version "2.0.1"
  resolved "https://registry.yarnpkg.com/is-stream/-/is-stream-2.0.1.tgz#fac1e3d53b97ad5a9d0ae9cef2389f5810a5c077"
  integrity sha512-hFoiJiTl63nn+kstHGBtewWSKnQLpyb155KHheA1l39uvtO9nWIop1p3udqPcUd/xbF1VLMO4n7OI6p7RbngDg==

isarray@~1.0.0:
  version "1.0.0"
  resolved "https://registry.yarnpkg.com/isarray/-/isarray-1.0.0.tgz#bb935d48582cba168c06834957a54a3e07124f11"
  integrity sha512-VLghIWNM6ELQzo7zwmcg0NmTVyWKYjvIeM83yjp0wRDTmUnrM678fQbcKBo6n2CJEF0szoG//ytg+TKla89ALQ==

json-rpc-engine@^6.1.0:
  version "6.1.0"
  resolved "https://registry.yarnpkg.com/json-rpc-engine/-/json-rpc-engine-6.1.0.tgz#bf5ff7d029e1c1bf20cb6c0e9f348dcd8be5a393"
  integrity sha512-NEdLrtrq1jUZyfjkr9OCz9EzCNhnRyWtt1PAnvnhwy6e8XETS0Dtc+ZNCO2gvuAoKsIn2+vCSowXTYE4CkgnAQ==
  dependencies:
    "@metamask/safe-event-emitter" "^2.0.0"
    eth-rpc-errors "^4.0.2"

json-rpc-middleware-stream@^4.0.0:
  version "4.0.0"
  resolved "https://registry.yarnpkg.com/json-rpc-middleware-stream/-/json-rpc-middleware-stream-4.0.0.tgz#54de6f57d795525547219c1581858962618adeeb"
  integrity sha512-+s8ps2cO+zmw21W7TA9wVD/5fwNi4C2O7NzLxlrEDrfzNcs3YX76Qw2fXuQLKVFeP654CIa6nkfqkFU9o7x/3g==
  dependencies:
    "@metamask/safe-event-emitter" "^2.0.0"
    readable-stream "^2.3.3"

once@^1.3.1, once@^1.4.0:
  version "1.4.0"
  resolved "https://registry.yarnpkg.com/once/-/once-1.4.0.tgz#583b1aa775961d4b113ac17d9c50baef9dd76bd1"
  integrity sha512-lNaJgI+2Q5URQBkccEKHTQOPaXdUxnZZElQTZY0MFUAuaEqe1E+Nyvgdz/aIyNi6Z9MzO5dv1H8n58/GELp3+w==
  dependencies:
    wrappy "1"

process-nextick-args@~2.0.0:
  version "2.0.1"
  resolved "https://registry.yarnpkg.com/process-nextick-args/-/process-nextick-args-2.0.1.tgz#7820d9b16120cc55ca9ae7792680ae7dba6d7fe2"
  integrity sha512-3ouUOpQhtgrbOa17J7+uxOTpITYWaGP7/AhoR3+A+/1e9skrzelGi/dXzEYyvbxubEF6Wn2ypscTKiKJFFn1ag==

pump@^3.0.0:
  version "3.0.0"
  resolved "https://registry.yarnpkg.com/pump/-/pump-3.0.0.tgz#b4a2116815bde2f4e1ea602354e8c75565107a64"
  integrity sha512-LwZy+p3SFs1Pytd/jYct4wpv49HiYCqd9Rlc5ZVdk0V+8Yzv6jR5Blk3TRmPL1ft69TxP0IMZGJ+WPFU2BFhww==
  dependencies:
    end-of-stream "^1.1.0"
    once "^1.3.1"

readable-stream@^2.3.3:
  version "2.3.7"
  resolved "https://registry.yarnpkg.com/readable-stream/-/readable-stream-2.3.7.tgz#1eca1cf711aef814c04f62252a36a62f6cb23b57"
  integrity sha512-Ebho8K4jIbHAxnuxi7o42OrZgF/ZTNcsZj6nRKyUmkhLFq8CHItp/fy6hQZuZmP/n3yZ9VBUbp4zz/mX8hmYPw==
  dependencies:
    core-util-is "~1.0.0"
    inherits "~2.0.3"
    isarray "~1.0.0"
    process-nextick-args "~2.0.0"
    safe-buffer "~5.1.1"
    string_decoder "~1.1.1"
    util-deprecate "~1.0.1"

safe-buffer@~5.1.0, safe-buffer@~5.1.1:
  version "5.1.2"
  resolved "https://registry.yarnpkg.com/safe-buffer/-/safe-buffer-5.1.2.tgz#991ec69d296e0313747d59bdfd2b745c35f8828d"
  integrity sha512-Gd2UZBJDkXlY7GbJxfsE8/nvKkUEU1G38c1siN6QP6a9PT9MmHB8GnpscSmMJSoF8LOIrt8ud/wPtojys4G6+g==

string_decoder@~1.1.1:
  version "1.1.1"
  resolved "https://registry.yarnpkg.com/string_decoder/-/string_decoder-1.1.1.tgz#9cf1611ba62685d7030ae9e4ba34149c3af03fc8"
  integrity sha512-n/ShnvDi6FHbbVfviro+WojiFzv+s8MPMHBczVePfUpDJLwoLT0ht1l4YwBCbi8pJAveEEdnkHyPyTP/mzRfwg==
  dependencies:
    safe-buffer "~5.1.0"

util-deprecate@~1.0.1:
  version "1.0.2"
  resolved "https://registry.yarnpkg.com/util-deprecate/-/util-deprecate-1.0.2.tgz#450d4dc9fa70de732762fbd2d4a28981419a0ccf"
  integrity sha512-EPD5q1uXyFxJpCrLnCc1nHnq3gOa6DZBocAIiI2TaSCA7VCJ1UJDMagCzIkXNsUYfD1daK//LTEQ8xiIbrHtcw==

webextension-polyfill-ts@^0.22.0:
  version "0.22.0"
  resolved "https://registry.yarnpkg.com/webextension-polyfill-ts/-/webextension-polyfill-ts-0.22.0.tgz#86cfd7bab4d9d779d98c8340983f4b691b2343f3"
  integrity sha512-3P33ClMwZ/qiAT7UH1ROrkRC1KM78umlnPpRhdC/292UyoTTW9NcjJEqDsv83HbibcTB6qCtpVeuB2q2/oniHQ==
  dependencies:
    webextension-polyfill "^0.7.0"

webextension-polyfill-ts@^0.25.0:
  version "0.25.0"
  resolved "https://registry.yarnpkg.com/webextension-polyfill-ts/-/webextension-polyfill-ts-0.25.0.tgz#fff041626365dbd0e29c40b197e989a55ec221ca"
  integrity sha512-ikQhwwHYkpBu00pFaUzIKY26I6L87DeRI+Q6jBT1daZUNuu8dSrg5U9l/ZbqdaQ1M/TTSPKeAa3kolP5liuedw==
  dependencies:
    webextension-polyfill "^0.7.0"

webextension-polyfill@^0.7.0:
  version "0.7.0"
  resolved "https://registry.yarnpkg.com/webextension-polyfill/-/webextension-polyfill-0.7.0.tgz#0df1120ff0266056319ce1a622b09ad8d4a56505"
  integrity sha512-su48BkMLxqzTTvPSE1eWxKToPS2Tv5DLGxKexLEVpwFd6Po6N8hhSLIvG6acPAg7qERoEaDL+Y5HQJeJeml5Aw==

wrappy@1:
  version "1.0.2"
  resolved "https://registry.yarnpkg.com/wrappy/-/wrappy-1.0.2.tgz#b5243d8f3ec1aa35f1364605bc0d1036e30ab69f"
  integrity sha512-l4Sp/DRseor9wL6EvV2+TuQn63dMkPjZ/sp9XkghTEbV9KlPS1xUsZ3u7/IQO4wxtcFB4bgpQPRcR3QCvezPcQ==
